{
  "version": 4,
  "terraform_version": "0.14.10",
  "serial": 873,
  "lineage": "33948e50-c688-28ac-953d-095203dbfb5d",
  "outputs": {
    "postgres_ip": {
      "value": "10.126.0.2",
      "type": "string"
    }
  },
  "resources": [
    {
      "mode": "managed",
      "type": "google_compute_address",
      "name": "static",
      "provider": "provider[\"registry.terraform.io/hashicorp/google\"]",
      "instances": [
        {
          "schema_version": 0,
          "attributes": {
            "address": "35.196.56.155",
            "address_type": "EXTERNAL",
            "creation_timestamp": "2021-05-02T21:57:47.628-07:00",
            "description": "",
            "id": "projects/dynamic-concept-305518/regions/us-east1/addresses/bastion-host",
            "name": "bastion-host",
            "network_tier": "PREMIUM",
            "project": "dynamic-concept-305518",
            "purpose": "",
            "region": "us-east1",
            "self_link": "https://www.googleapis.com/compute/v1/projects/dynamic-concept-305518/regions/us-east1/addresses/bastion-host",
            "subnetwork": "",
            "timeouts": null,
            "users": []
          },
          "sensitive_attributes": [],
          "private": "eyJlMmJmYjczMC1lY2FhLTExZTYtOGY4OC0zNDM2M2JjN2M0YzAiOnsiY3JlYXRlIjoyNDAwMDAwMDAwMDAsImRlbGV0ZSI6MjQwMDAwMDAwMDAwfX0="
        }
      ]
    },
    {
      "mode": "managed",
      "type": "google_compute_firewall",
      "name": "gke_network",
      "provider": "provider[\"registry.terraform.io/hashicorp/google\"]",
      "instances": [
        {
          "schema_version": 1,
          "attributes": {
            "allow": [
              {
                "ports": [
                  "22"
                ],
                "protocol": "tcp"
              },
              {
                "ports": [],
                "protocol": "icmp"
              }
            ],
            "creation_timestamp": "2021-05-02T21:58:40.585-07:00",
            "deny": [],
            "description": "",
            "destination_ranges": [],
            "direction": "INGRESS",
            "disabled": false,
            "enable_logging": null,
            "id": "projects/dynamic-concept-305518/global/firewalls/gke-network-firewall",
            "log_config": [],
            "name": "gke-network-firewall",
            "network": "https://www.googleapis.com/compute/v1/projects/dynamic-concept-305518/global/networks/gke-network",
            "priority": 1000,
            "project": "dynamic-concept-305518",
            "self_link": "https://www.googleapis.com/compute/v1/projects/dynamic-concept-305518/global/firewalls/gke-network-firewall",
            "source_ranges": [
              "10.0.0.0/8",
              "172.16.0.0/12",
              "192.168.0.0/16"
            ],
            "source_service_accounts": null,
            "source_tags": null,
            "target_service_accounts": null,
            "target_tags": null,
            "timeouts": null
          },
          "sensitive_attributes": [],
          "private": "eyJlMmJmYjczMC1lY2FhLTExZTYtOGY4OC0zNDM2M2JjN2M0YzAiOnsiY3JlYXRlIjoyNDAwMDAwMDAwMDAsImRlbGV0ZSI6MjQwMDAwMDAwMDAwLCJ1cGRhdGUiOjI0MDAwMDAwMDAwMH0sInNjaGVtYV92ZXJzaW9uIjoiMSJ9",
          "dependencies": [
            "module.gcp-network.module.subnets.google_compute_subnetwork.subnetwork",
            "module.gcp-network.module.vpc.google_compute_network.network"
          ]
        }
      ]
    },
    {
      "mode": "managed",
      "type": "google_compute_global_address",
      "name": "private_ip_address",
      "provider": "provider[\"registry.terraform.io/hashicorp/google\"]",
      "instances": [
        {
          "schema_version": 0,
          "attributes": {
            "address": "10.126.0.0",
            "address_type": "INTERNAL",
            "creation_timestamp": "2021-05-02T21:58:40.392-07:00",
            "description": "",
            "id": "projects/dynamic-concept-305518/global/addresses/pg-pvt-address",
            "ip_version": "",
            "name": "pg-pvt-address",
            "network": "https://www.googleapis.com/compute/v1/projects/dynamic-concept-305518/global/networks/gke-network",
            "prefix_length": 24,
            "project": "dynamic-concept-305518",
            "purpose": "VPC_PEERING",
            "self_link": "https://www.googleapis.com/compute/v1/projects/dynamic-concept-305518/global/addresses/pg-pvt-address",
            "timeouts": null
          },
          "sensitive_attributes": [],
          "private": "eyJlMmJmYjczMC1lY2FhLTExZTYtOGY4OC0zNDM2M2JjN2M0YzAiOnsiY3JlYXRlIjoyNDAwMDAwMDAwMDAsImRlbGV0ZSI6MjQwMDAwMDAwMDAwfX0=",
          "dependencies": [
            "module.gcp-network.module.subnets.google_compute_subnetwork.subnetwork",
            "module.gcp-network.module.vpc.google_compute_network.network"
          ]
        }
      ]
    },
    {
      "mode": "managed",
      "type": "google_compute_instance",
      "name": "gke-network",
      "provider": "provider[\"registry.terraform.io/hashicorp/google\"]",
      "instances": [
        {
          "schema_version": 6,
          "attributes": {
            "allow_stopping_for_update": null,
            "attached_disk": [],
            "boot_disk": [
              {
                "auto_delete": true,
                "device_name": "persistent-disk-0",
                "disk_encryption_key_raw": "",
                "disk_encryption_key_sha256": "",
                "initialize_params": [
                  {
                    "image": "https://www.googleapis.com/compute/v1/projects/dynamic-concept-305518/global/images/jenkins",
                    "labels": {},
                    "size": 100,
                    "type": "pd-standard"
                  }
                ],
                "kms_key_self_link": "",
                "mode": "READ_WRITE",
                "source": "https://www.googleapis.com/compute/v1/projects/dynamic-concept-305518/zones/us-east1-b/disks/bastion"
              }
            ],
            "can_ip_forward": false,
            "confidential_instance_config": [],
            "cpu_platform": "Intel Haswell",
            "current_status": "RUNNING",
            "deletion_protection": false,
            "description": "",
            "desired_status": null,
            "enable_display": false,
            "guest_accelerator": [],
            "hostname": "",
            "id": "projects/dynamic-concept-305518/zones/us-east1-b/instances/bastion",
            "instance_id": "2841792864372014574",
            "label_fingerprint": "42WmSpB8rSM=",
            "labels": null,
            "machine_type": "e2-highcpu-4",
            "metadata": null,
            "metadata_fingerprint": "I_6G8vDmIKY=",
            "metadata_startup_script": "sudo snap install kubectl --classic",
            "min_cpu_platform": "",
            "name": "bastion",
            "network_interface": [
              {
                "access_config": [
                  {
                    "nat_ip": "35.196.56.155",
                    "network_tier": "PREMIUM",
                    "public_ptr_domain_name": ""
                  }
                ],
                "alias_ip_range": [],
                "name": "nic0",
                "network": "https://www.googleapis.com/compute/v1/projects/dynamic-concept-305518/global/networks/gke-network",
                "network_ip": "10.1.0.2",
                "nic_type": "",
                "subnetwork": "https://www.googleapis.com/compute/v1/projects/dynamic-concept-305518/regions/us-east1/subnetworks/gke-us-east",
                "subnetwork_project": "dynamic-concept-305518"
              }
            ],
            "project": "dynamic-concept-305518",
            "resource_policies": null,
            "scheduling": [
              {
                "automatic_restart": true,
                "min_node_cpus": 0,
                "node_affinities": [],
                "on_host_maintenance": "MIGRATE",
                "preemptible": false
              }
            ],
            "scratch_disk": [],
            "self_link": "https://www.googleapis.com/compute/v1/projects/dynamic-concept-305518/zones/us-east1-b/instances/bastion",
            "service_account": [
              {
                "email": "871067513117-compute@developer.gserviceaccount.com",
                "scopes": [
                  "https://www.googleapis.com/auth/cloud-platform"
                ]
              }
            ],
            "shielded_instance_config": [
              {
                "enable_integrity_monitoring": true,
                "enable_secure_boot": false,
                "enable_vtpm": true
              }
            ],
            "tags": null,
            "tags_fingerprint": "42WmSpB8rSM=",
            "timeouts": null,
            "zone": "us-east1-b"
          },
          "sensitive_attributes": [],
          "private": "eyJlMmJmYjczMC1lY2FhLTExZTYtOGY4OC0zNDM2M2JjN2M0YzAiOnsiY3JlYXRlIjoxMjAwMDAwMDAwMDAwLCJkZWxldGUiOjEyMDAwMDAwMDAwMDAsInVwZGF0ZSI6MTIwMDAwMDAwMDAwMH0sInNjaGVtYV92ZXJzaW9uIjoiNiJ9",
          "dependencies": [
            "google_compute_address.static",
            "module.gcp-network.module.subnets.google_compute_subnetwork.subnetwork",
            "module.gcp-network.module.vpc.google_compute_network.network"
          ]
        }
      ]
    },
    {
      "mode": "managed",
      "type": "google_service_networking_connection",
      "name": "private_vpc_peering",
      "provider": "provider[\"registry.terraform.io/hashicorp/google\"]",
      "instances": [
        {
          "schema_version": 0,
          "attributes": {
            "id": "gke-network:servicenetworking.googleapis.com",
            "network": "gke-network",
            "peering": "servicenetworking-googleapis-com",
            "reserved_peering_ranges": [
              "pg-pvt-address"
            ],
            "service": "servicenetworking.googleapis.com",
            "timeouts": null
          },
          "sensitive_attributes": [],
          "private": "eyJlMmJmYjczMC1lY2FhLTExZTYtOGY4OC0zNDM2M2JjN2M0YzAiOnsiY3JlYXRlIjo2MDAwMDAwMDAwMDAsImRlbGV0ZSI6NjAwMDAwMDAwMDAwLCJ1cGRhdGUiOjYwMDAwMDAwMDAwMH19",
          "dependencies": [
            "google_compute_global_address.private_ip_address",
            "module.gcp-network.module.subnets.google_compute_subnetwork.subnetwork",
            "module.gcp-network.module.vpc.google_compute_network.network"
          ]
        }
      ]
    },
    {
      "mode": "managed",
      "type": "google_sql_database",
      "name": "database",
      "provider": "provider[\"registry.terraform.io/hashicorp/google\"]",
      "instances": [
        {
          "schema_version": 0,
          "attributes": {
            "charset": "UTF8",
            "collation": "en_US.UTF8",
            "id": "projects/dynamic-concept-305518/instances/node-webapp-57/databases/toptal",
            "instance": "node-webapp-57",
            "name": "toptal",
            "project": "dynamic-concept-305518",
            "self_link": "https://sqladmin.googleapis.com/sql/v1beta4/projects/dynamic-concept-305518/instances/node-webapp-57/databases/toptal",
            "timeouts": null
          },
          "sensitive_attributes": [],
          "private": "eyJlMmJmYjczMC1lY2FhLTExZTYtOGY4OC0zNDM2M2JjN2M0YzAiOnsiY3JlYXRlIjo5MDAwMDAwMDAwMDAsImRlbGV0ZSI6NjAwMDAwMDAwMDAwLCJ1cGRhdGUiOjYwMDAwMDAwMDAwMH19",
          "dependencies": [
            "google_compute_global_address.private_ip_address",
            "google_service_networking_connection.private_vpc_peering",
            "google_sql_database_instance.instance",
            "module.gcp-network.module.subnets.google_compute_subnetwork.subnetwork",
            "module.gcp-network.module.vpc.google_compute_network.network"
          ]
        }
      ]
    },
    {
      "mode": "managed",
      "type": "google_sql_database_instance",
      "name": "instance",
      "provider": "provider[\"registry.terraform.io/hashicorp/google-beta\"]",
      "instances": [
        {
          "schema_version": 0,
          "attributes": {
            "clone": [],
            "connection_name": "dynamic-concept-305518:us-central1:node-webapp-57",
            "database_version": "POSTGRES_13",
            "deletion_protection": false,
            "encryption_key_name": null,
            "first_ip_address": "10.126.0.2",
            "id": "node-webapp-57",
            "ip_address": [
              {
                "ip_address": "10.126.0.2",
                "time_to_retire": "",
                "type": "PRIVATE"
              }
            ],
            "master_instance_name": "",
            "name": "node-webapp-57",
            "private_ip_address": "10.126.0.2",
            "project": "dynamic-concept-305518",
            "public_ip_address": "",
            "region": "us-central1",
            "replica_configuration": [],
            "restore_backup_context": [],
            "root_password": null,
            "self_link": "https://sqladmin.googleapis.com/sql/v1beta4/projects/dynamic-concept-305518/instances/node-webapp-57",
            "server_ca_cert": [
              {
                "cert": "-----BEGIN CERTIFICATE-----\nMIIDfzCCAmegAwIBAgIBADANBgkqhkiG9w0BAQsFADB3MS0wKwYDVQQuEyQxNDg5\nZjNkYi1kMDUxLTRhNTYtOTgzMS00ZmMzOTc1Nzg0OTQxIzAhBgNVBAMTGkdvb2ds\nZSBDbG91ZCBTUUwgU2VydmVyIENBMRQwEgYDVQQKEwtHb29nbGUsIEluYzELMAkG\nA1UEBhMCVVMwHhcNMjEwNTAzMDUwMTIyWhcNMzEwNTAxMDUwMjIyWjB3MS0wKwYD\nVQQuEyQxNDg5ZjNkYi1kMDUxLTRhNTYtOTgzMS00ZmMzOTc1Nzg0OTQxIzAhBgNV\nBAMTGkdvb2dsZSBDbG91ZCBTUUwgU2VydmVyIENBMRQwEgYDVQQKEwtHb29nbGUs\nIEluYzELMAkGA1UEBhMCVVMwggEiMA0GCSqGSIb3DQEBAQUAA4IBDwAwggEKAoIB\nAQCtScqO0weaFVkpKQOmS+wkuvHYYiQaZ6+RTKn0e8E1rqI44QupjUB9miyHIon3\nft8p0M2zzplc0Pyhpautldi8yzo4XRuI2RnaGtv90KUDhjtT6pHh0npgHfx5kJS9\nTSQO/axgInJ0rlqY3jpN52lY2KwTfF/23AlNEq6QGt1AZ1R6AD5zA9WIPNGdwCBc\nJMTjggRs1NJR1oAMkKYSM5JbKO12IORUC5Sh/KSdOLLi5vXvxr8DZ674hvwA9r7b\nJatWsa7GAz2PueEfObdWtPp/t/fwrGkBMhPathTtuRcRxkeFCJ9XIfCXHNFS02hN\nDg2xPIzu5kOgQqDYfyFL/yIHAgMBAAGjFjAUMBIGA1UdEwEB/wQIMAYBAf8CAQAw\nDQYJKoZIhvcNAQELBQADggEBAI+GJ0z66tU+M6Y60MMcj77Ey0n4PmQvsOCDtcM6\nBbqyXwt3kTDx4gETE6nnF7wEVLqwJgv6U12gMaVW1rAKW1EzqTWobIzgYSJWX69R\nssEDjhNLyt7xIUIf4nsc1XJy8f8CBk3n9YOLU1K/4DqUAmibFGOq8Nk872tEoXJO\n6wsXVukiQ7Vqlkj8rw48AtQ5JBz5XllvGmqL3hymp1dJOU9GhvnFwoNb00DJAY3U\nBy/0YaeWAwbMpHpYnMQ8DmJVulU0GeMnFjFSpjyU1dezqwJaaZMn4XCuypyiL99r\nFzTE1IG7n8SoQ4OBeixuKA2bkkkyhN9mKKdoku3s4FC8bDM=\n-----END CERTIFICATE-----",
                "common_name": "C=US,O=Google\\, Inc,CN=Google Cloud SQL Server CA,dnQualifier=1489f3db-d051-4a56-9831-4fc397578494",
                "create_time": "2021-05-03T05:01:22.683Z",
                "expiration_time": "2031-05-01T05:02:22.683Z",
                "sha1_fingerprint": "a21441ee7d44b33142701fc6f9b29d3d03492d74"
              }
            ],
            "service_account_email_address": "p871067513117-5rrsxf@gcp-sa-cloud-sql.iam.gserviceaccount.com",
            "settings": [
              {
                "activation_policy": "ALWAYS",
                "authorized_gae_applications": [],
                "availability_type": "REGIONAL",
                "backup_configuration": [
                  {
                    "backup_retention_settings": [
                      {
                        "retained_backups": 7,
                        "retention_unit": "COUNT"
                      }
                    ],
                    "binary_log_enabled": false,
                    "enabled": true,
                    "location": "",
                    "point_in_time_recovery_enabled": false,
                    "start_time": "03:00",
                    "transaction_log_retention_days": 7
                  }
                ],
                "crash_safe_replication": false,
                "database_flags": [],
                "disk_autoresize": true,
                "disk_size": 10,
                "disk_type": "PD_SSD",
                "insights_config": [],
                "ip_configuration": [
                  {
                    "authorized_networks": [],
                    "ipv4_enabled": false,
                    "private_network": "projects/dynamic-concept-305518/global/networks/gke-network",
                    "require_ssl": false
                  }
                ],
                "location_preference": [
                  {
                    "follow_gae_application": "",
                    "zone": "us-central1-b"
                  }
                ],
                "maintenance_window": [],
                "pricing_plan": "PER_USE",
                "replication_type": "SYNCHRONOUS",
                "tier": "db-custom-1-3840",
                "user_labels": {},
                "version": 3
              }
            ],
            "timeouts": null
          },
          "sensitive_attributes": [],
          "private": "eyJlMmJmYjczMC1lY2FhLTExZTYtOGY4OC0zNDM2M2JjN2M0YzAiOnsiY3JlYXRlIjoxODAwMDAwMDAwMDAwLCJkZWxldGUiOjE4MDAwMDAwMDAwMDAsInVwZGF0ZSI6MTgwMDAwMDAwMDAwMH19",
          "dependencies": [
            "google_compute_global_address.private_ip_address",
            "google_service_networking_connection.private_vpc_peering",
            "module.gcp-network.module.subnets.google_compute_subnetwork.subnetwork",
            "module.gcp-network.module.vpc.google_compute_network.network"
          ]
        }
      ]
    },
    {
      "mode": "managed",
      "type": "google_sql_user",
      "name": "db_user",
      "provider": "provider[\"registry.terraform.io/hashicorp/google\"]",
      "instances": [
        {
          "schema_version": 1,
          "attributes": {
            "deletion_policy": null,
            "host": "",
            "id": "toptal//node-webapp-57",
            "instance": "node-webapp-57",
            "name": "toptal",
            "password": "toptal",
            "project": "dynamic-concept-305518",
            "timeouts": null,
            "type": ""
          },
          "sensitive_attributes": [],
          "private": "eyJlMmJmYjczMC1lY2FhLTExZTYtOGY4OC0zNDM2M2JjN2M0YzAiOnsiY3JlYXRlIjo2MDAwMDAwMDAwMDAsImRlbGV0ZSI6NjAwMDAwMDAwMDAwLCJ1cGRhdGUiOjYwMDAwMDAwMDAwMH0sInNjaGVtYV92ZXJzaW9uIjoiMSJ9",
          "dependencies": [
            "google_compute_global_address.private_ip_address",
            "google_service_networking_connection.private_vpc_peering",
            "google_sql_database_instance.instance",
            "module.gcp-network.module.subnets.google_compute_subnetwork.subnetwork",
            "module.gcp-network.module.vpc.google_compute_network.network"
          ]
        }
      ]
    },
    {
      "module": "module.gcp-network.module.subnets",
      "mode": "managed",
      "type": "google_compute_subnetwork",
      "name": "subnetwork",
      "provider": "provider[\"registry.terraform.io/hashicorp/google\"]",
      "instances": [
        {
          "index_key": "us-central1/gke-subnet",
          "schema_version": 0,
          "attributes": {
            "creation_timestamp": "2021-05-02T21:58:00.591-07:00",
            "description": "",
            "fingerprint": null,
            "gateway_address": "10.0.0.1",
            "id": "projects/dynamic-concept-305518/regions/us-central1/subnetworks/gke-subnet",
            "ip_cidr_range": "10.0.0.0/17",
            "log_config": [],
            "name": "gke-subnet",
            "network": "https://www.googleapis.com/compute/v1/projects/dynamic-concept-305518/global/networks/gke-network",
            "private_ip_google_access": false,
            "private_ipv6_google_access": "DISABLE_GOOGLE_ACCESS",
            "project": "dynamic-concept-305518",
            "region": "us-central1",
            "secondary_ip_range": [
              {
                "ip_cidr_range": "192.168.0.0/18",
                "range_name": "ip-range-pods"
              },
              {
                "ip_cidr_range": "192.168.64.0/18",
                "range_name": "ip-range-svc"
              }
            ],
            "self_link": "https://www.googleapis.com/compute/v1/projects/dynamic-concept-305518/regions/us-central1/subnetworks/gke-subnet",
            "timeouts": null
          },
          "sensitive_attributes": [],
          "private": "eyJlMmJmYjczMC1lY2FhLTExZTYtOGY4OC0zNDM2M2JjN2M0YzAiOnsiY3JlYXRlIjozNjAwMDAwMDAwMDAsImRlbGV0ZSI6MzYwMDAwMDAwMDAwLCJ1cGRhdGUiOjM2MDAwMDAwMDAwMH19",
          "dependencies": [
            "module.gcp-network.module.vpc.google_compute_network.network"
          ]
        },
        {
          "index_key": "us-east1/gke-us-east",
          "schema_version": 0,
          "attributes": {
            "creation_timestamp": "2021-05-02T21:58:00.425-07:00",
            "description": "",
            "fingerprint": null,
            "gateway_address": "10.1.0.1",
            "id": "projects/dynamic-concept-305518/regions/us-east1/subnetworks/gke-us-east",
            "ip_cidr_range": "10.1.0.0/17",
            "log_config": [],
            "name": "gke-us-east",
            "network": "https://www.googleapis.com/compute/v1/projects/dynamic-concept-305518/global/networks/gke-network",
            "private_ip_google_access": false,
            "private_ipv6_google_access": "DISABLE_GOOGLE_ACCESS",
            "project": "dynamic-concept-305518",
            "region": "us-east1",
            "secondary_ip_range": [],
            "self_link": "https://www.googleapis.com/compute/v1/projects/dynamic-concept-305518/regions/us-east1/subnetworks/gke-us-east",
            "timeouts": null
          },
          "sensitive_attributes": [],
          "private": "eyJlMmJmYjczMC1lY2FhLTExZTYtOGY4OC0zNDM2M2JjN2M0YzAiOnsiY3JlYXRlIjozNjAwMDAwMDAwMDAsImRlbGV0ZSI6MzYwMDAwMDAwMDAwLCJ1cGRhdGUiOjM2MDAwMDAwMDAwMH19",
          "dependencies": [
            "module.gcp-network.module.vpc.google_compute_network.network"
          ]
        }
      ]
    },
    {
      "module": "module.gcp-network.module.vpc",
      "mode": "managed",
      "type": "google_compute_network",
      "name": "network",
      "provider": "provider[\"registry.terraform.io/hashicorp/google\"]",
      "instances": [
        {
          "schema_version": 0,
          "attributes": {
            "auto_create_subnetworks": false,
            "delete_default_routes_on_create": false,
            "description": "",
            "gateway_ipv4": "",
            "id": "projects/dynamic-concept-305518/global/networks/gke-network",
            "mtu": 0,
            "name": "gke-network",
            "project": "dynamic-concept-305518",
            "routing_mode": "GLOBAL",
            "self_link": "https://www.googleapis.com/compute/v1/projects/dynamic-concept-305518/global/networks/gke-network",
            "timeouts": null
          },
          "sensitive_attributes": [],
          "private": "eyJlMmJmYjczMC1lY2FhLTExZTYtOGY4OC0zNDM2M2JjN2M0YzAiOnsiY3JlYXRlIjoyNDAwMDAwMDAwMDAsImRlbGV0ZSI6MjQwMDAwMDAwMDAwLCJ1cGRhdGUiOjI0MDAwMDAwMDAwMH19"
        }
      ]
    },
    {
      "module": "module.gke_cluster",
      "mode": "data",
      "type": "google_client_config",
      "name": "default",
      "provider": "provider[\"registry.terraform.io/hashicorp/google\"]",
      "instances": [
        {
          "schema_version": 0,
          "attributes": {
            "access_token": "ya29.c.KqgB_QcK0l79WAwj1iFCIcH8IdjMUrsVx2q5cE-3acyGQgfyMBo1LoLO_6bz9xKeXWtDpInnNBtmLgg9E_ytx4EEDGaTnpJxIeJxiOtPMVtGNgprV_sakz0TuUhDLRP7EvuRnXBuFsxG1oLZ_ZMv0P6uWRO-gqiGQbZcLpCzUr2C68yM55BY2sFYSFg2_NkE8l6e97p8ahIeBy4mKr3OomTOnJ09ipG9e-_y",
            "id": "projects/dynamic-concept-305518/regions//zones/",
            "project": "dynamic-concept-305518",
            "region": "",
            "zone": ""
          },
          "sensitive_attributes": []
        }
      ]
    },
    {
      "module": "module.gke_cluster",
      "mode": "data",
      "type": "google_compute_zones",
      "name": "available",
      "provider": "provider[\"registry.terraform.io/hashicorp/google\"]",
      "instances": [
        {
          "schema_version": 0,
          "attributes": {
            "id": "projects/dynamic-concept-305518/regions/us-central1",
            "names": [
              "us-central1-a",
              "us-central1-b",
              "us-central1-c",
              "us-central1-f"
            ],
            "project": "dynamic-concept-305518",
            "region": "us-central1",
            "status": null
          },
          "sensitive_attributes": []
        }
      ]
    },
    {
      "module": "module.gke_cluster",
      "mode": "data",
      "type": "google_container_engine_versions",
      "name": "region",
      "provider": "provider[\"registry.terraform.io/hashicorp/google\"]",
      "instances": [
        {
          "schema_version": 0,
          "attributes": {
            "default_cluster_version": "1.17.17-gke.3700",
            "id": "2021-05-03 04:58:40.589675426 +0000 UTC",
            "latest_master_version": "1.19.9-gke.1400",
            "latest_node_version": "1.19.9-gke.1400",
            "location": "us-central1",
            "project": "dynamic-concept-305518",
            "release_channel_default_version": {
              "RAPID": "1.19.9-gke.700",
              "REGULAR": "1.18.16-gke.502",
              "STABLE": "1.17.17-gke.3700"
            },
            "valid_master_versions": [
              "1.19.9-gke.1400",
              "1.19.8-gke.1600",
              "1.18.17-gke.1200",
              "1.18.17-gke.700",
              "1.18.17-gke.100",
              "1.18.16-gke.2100",
              "1.18.16-gke.1201",
              "1.18.16-gke.502",
              "1.18.16-gke.302",
              "1.18.16-gke.300",
              "1.18.15-gke.1502",
              "1.18.15-gke.1501",
              "1.17.17-gke.6000",
              "1.17.17-gke.5400",
              "1.17.17-gke.4900",
              "1.17.17-gke.4400",
              "1.17.17-gke.3700",
              "1.17.17-gke.3000",
              "1.17.17-gke.2800",
              "1.17.17-gke.1500",
              "1.17.17-gke.1101",
              "1.16.15-gke.14800",
              "1.16.15-gke.12500"
            ],
            "valid_node_versions": [
              "1.19.9-gke.1400",
              "1.19.8-gke.1600",
              "1.18.17-gke.1200",
              "1.18.17-gke.700",
              "1.18.17-gke.100",
              "1.18.16-gke.2100",
              "1.18.16-gke.1201",
              "1.18.16-gke.1200",
              "1.18.16-gke.502",
              "1.18.16-gke.500",
              "1.18.16-gke.302",
              "1.18.16-gke.300",
              "1.18.15-gke.2500",
              "1.18.15-gke.1502",
              "1.18.15-gke.1501",
              "1.18.15-gke.1500",
              "1.18.15-gke.1102",
              "1.18.15-gke.1100",
              "1.18.15-gke.800",
              "1.18.14-gke.1600",
              "1.18.14-gke.1200",
              "1.18.12-gke.1210",
              "1.18.12-gke.1206",
              "1.18.12-gke.1205",
              "1.18.12-gke.1201",
              "1.18.12-gke.1200",
              "1.18.12-gke.300",
              "1.18.10-gke.2701",
              "1.18.10-gke.2101",
              "1.18.10-gke.1500",
              "1.18.10-gke.601",
              "1.18.9-gke.2501",
              "1.18.9-gke.1501",
              "1.18.9-gke.801",
              "1.18.6-gke.4801",
              "1.18.6-gke.3504",
              "1.18.6-gke.3503",
              "1.17.17-gke.6000",
              "1.17.17-gke.5400",
              "1.17.17-gke.4900",
              "1.17.17-gke.4400",
              "1.17.17-gke.3700",
              "1.17.17-gke.3000",
              "1.17.17-gke.2800",
              "1.17.17-gke.2500",
              "1.17.17-gke.1500",
              "1.17.17-gke.1101",
              "1.17.17-gke.1100",
              "1.17.17-gke.600",
              "1.17.16-gke.1600",
              "1.17.16-gke.1300",
              "1.17.15-gke.800",
              "1.17.15-gke.300",
              "1.17.14-gke.1600",
              "1.17.14-gke.1200",
              "1.17.14-gke.400",
              "1.17.13-gke.2600",
              "1.17.13-gke.2001",
              "1.17.13-gke.1401",
              "1.17.13-gke.1400",
              "1.17.13-gke.600",
              "1.17.12-gke.2502",
              "1.17.12-gke.1504",
              "1.17.12-gke.1501",
              "1.17.12-gke.500",
              "1.17.9-gke.6300",
              "1.17.9-gke.1504",
              "1.16.15-gke.14800",
              "1.16.15-gke.12500",
              "1.16.15-gke.11800",
              "1.16.15-gke.10600",
              "1.16.15-gke.7801",
              "1.16.15-gke.7800",
              "1.16.15-gke.7300",
              "1.16.15-gke.6900",
              "1.16.15-gke.6000",
              "1.16.15-gke.5500",
              "1.16.15-gke.4901",
              "1.16.15-gke.4301",
              "1.16.15-gke.4300",
              "1.16.15-gke.3500",
              "1.16.15-gke.2601",
              "1.16.15-gke.1600",
              "1.16.15-gke.500",
              "1.16.13-gke.404",
              "1.16.13-gke.403",
              "1.16.13-gke.401",
              "1.16.13-gke.400",
              "1.16.13-gke.1",
              "1.16.11-gke.5",
              "1.16.10-gke.8",
              "1.16.9-gke.6",
              "1.16.9-gke.2",
              "1.16.8-gke.15",
              "1.16.8-gke.12",
              "1.16.8-gke.9",
              "1.15.12-gke.6002",
              "1.15.12-gke.6001",
              "1.15.12-gke.5000",
              "1.15.12-gke.4002",
              "1.15.12-gke.4000",
              "1.15.12-gke.20",
              "1.15.12-gke.17",
              "1.15.12-gke.16",
              "1.15.12-gke.13",
              "1.15.12-gke.9",
              "1.15.12-gke.6",
              "1.15.12-gke.3",
              "1.15.12-gke.2",
              "1.15.11-gke.17",
              "1.15.11-gke.15",
              "1.15.11-gke.13",
              "1.15.11-gke.12",
              "1.15.11-gke.11",
              "1.15.11-gke.9",
              "1.15.11-gke.5",
              "1.15.11-gke.3",
              "1.15.11-gke.1",
              "1.15.9-gke.26",
              "1.15.9-gke.24",
              "1.15.9-gke.22",
              "1.15.9-gke.12",
              "1.15.9-gke.9",
              "1.15.9-gke.8",
              "1.15.8-gke.3",
              "1.15.8-gke.2",
              "1.15.7-gke.23",
              "1.15.7-gke.2",
              "1.15.4-gke.22",
              "1.14.10-gke.1504",
              "1.14.10-gke.902",
              "1.14.10-gke.50",
              "1.14.10-gke.46",
              "1.14.10-gke.45",
              "1.14.10-gke.42",
              "1.14.10-gke.41",
              "1.14.10-gke.40",
              "1.14.10-gke.37",
              "1.14.10-gke.36",
              "1.14.10-gke.34",
              "1.14.10-gke.32",
              "1.14.10-gke.31",
              "1.14.10-gke.27",
              "1.14.10-gke.24",
              "1.14.10-gke.22",
              "1.14.10-gke.21",
              "1.14.10-gke.17",
              "1.14.10-gke.0",
              "1.14.9-gke.23",
              "1.14.9-gke.2",
              "1.14.9-gke.0",
              "1.14.8-gke.33",
              "1.14.8-gke.21",
              "1.14.8-gke.18",
              "1.14.8-gke.17",
              "1.14.8-gke.14",
              "1.14.8-gke.12",
              "1.14.8-gke.7",
              "1.14.8-gke.2",
              "1.14.7-gke.40",
              "1.14.7-gke.25",
              "1.14.7-gke.23",
              "1.14.7-gke.17",
              "1.14.7-gke.14",
              "1.14.7-gke.10",
              "1.14.6-gke.13",
              "1.14.6-gke.2",
              "1.14.6-gke.1",
              "1.14.3-gke.11",
              "1.14.3-gke.10",
              "1.14.3-gke.9",
              "1.14.2-gke.9",
              "1.14.1-gke.5",
              "1.13.12-gke.30",
              "1.13.12-gke.25",
              "1.13.12-gke.17",
              "1.13.12-gke.16",
              "1.13.12-gke.14",
              "1.13.12-gke.13",
              "1.13.12-gke.10",
              "1.13.12-gke.8",
              "1.13.12-gke.4",
              "1.13.12-gke.2",
              "1.13.11-gke.23",
              "1.13.11-gke.15",
              "1.13.11-gke.14",
              "1.13.11-gke.12",
              "1.13.11-gke.11",
              "1.13.11-gke.9",
              "1.13.11-gke.5",
              "1.13.10-gke.7",
              "1.13.10-gke.0",
              "1.13.9-gke.11",
              "1.13.9-gke.3",
              "1.13.7-gke.24",
              "1.13.7-gke.19",
              "1.13.7-gke.15",
              "1.13.7-gke.8",
              "1.13.7-gke.0",
              "1.13.6-gke.13",
              "1.13.6-gke.6",
              "1.13.6-gke.5",
              "1.13.6-gke.0",
              "1.13.5-gke.10",
              "1.12.10-gke.22",
              "1.12.10-gke.20",
              "1.12.10-gke.19",
              "1.12.10-gke.18",
              "1.12.10-gke.17",
              "1.12.10-gke.15",
              "1.12.10-gke.13",
              "1.12.10-gke.11",
              "1.12.10-gke.5",
              "1.12.9-gke.16",
              "1.12.9-gke.15",
              "1.12.9-gke.13",
              "1.12.9-gke.10",
              "1.12.9-gke.7",
              "1.12.9-gke.3",
              "1.12.8-gke.12",
              "1.12.8-gke.10",
              "1.12.8-gke.7",
              "1.12.8-gke.6",
              "1.12.7-gke.26",
              "1.12.7-gke.25",
              "1.12.7-gke.24",
              "1.12.7-gke.22",
              "1.12.7-gke.21",
              "1.12.7-gke.17",
              "1.12.7-gke.10",
              "1.12.7-gke.7",
              "1.12.6-gke.11",
              "1.12.6-gke.10",
              "1.12.6-gke.7",
              "1.12.5-gke.10",
              "1.12.5-gke.5",
              "1.11.10-gke.6",
              "1.11.10-gke.5"
            ],
            "version_prefix": null
          },
          "sensitive_attributes": []
        }
      ]
    },
    {
      "module": "module.gke_cluster",
      "mode": "data",
      "type": "google_container_engine_versions",
      "name": "zone",
      "provider": "provider[\"registry.terraform.io/hashicorp/google\"]",
      "instances": [
        {
          "schema_version": 0,
          "attributes": {
            "default_cluster_version": "1.17.17-gke.3700",
            "id": "2021-05-03 04:58:41.097112676 +0000 UTC",
            "latest_master_version": "1.19.9-gke.1400",
            "latest_node_version": "1.19.9-gke.1400",
            "location": "us-central1-a",
            "project": "dynamic-concept-305518",
            "release_channel_default_version": {
              "RAPID": "1.19.9-gke.700",
              "REGULAR": "1.18.16-gke.502",
              "STABLE": "1.17.17-gke.3700"
            },
            "valid_master_versions": [
              "1.19.9-gke.1400",
              "1.19.8-gke.1600",
              "1.18.17-gke.1200",
              "1.18.17-gke.700",
              "1.18.17-gke.100",
              "1.18.16-gke.2100",
              "1.18.16-gke.1201",
              "1.18.16-gke.502",
              "1.18.16-gke.302",
              "1.18.16-gke.300",
              "1.18.15-gke.1502",
              "1.18.15-gke.1501",
              "1.17.17-gke.6000",
              "1.17.17-gke.5400",
              "1.17.17-gke.4900",
              "1.17.17-gke.4400",
              "1.17.17-gke.3700",
              "1.17.17-gke.3000",
              "1.17.17-gke.2800",
              "1.17.17-gke.1500",
              "1.17.17-gke.1101",
              "1.16.15-gke.14800",
              "1.16.15-gke.12500"
            ],
            "valid_node_versions": [
              "1.19.9-gke.1400",
              "1.19.8-gke.1600",
              "1.18.17-gke.1200",
              "1.18.17-gke.700",
              "1.18.17-gke.100",
              "1.18.16-gke.2100",
              "1.18.16-gke.1201",
              "1.18.16-gke.1200",
              "1.18.16-gke.502",
              "1.18.16-gke.500",
              "1.18.16-gke.302",
              "1.18.16-gke.300",
              "1.18.15-gke.2500",
              "1.18.15-gke.1502",
              "1.18.15-gke.1501",
              "1.18.15-gke.1500",
              "1.18.15-gke.1102",
              "1.18.15-gke.1100",
              "1.18.15-gke.800",
              "1.18.14-gke.1600",
              "1.18.14-gke.1200",
              "1.18.12-gke.1210",
              "1.18.12-gke.1206",
              "1.18.12-gke.1205",
              "1.18.12-gke.1201",
              "1.18.12-gke.1200",
              "1.18.12-gke.300",
              "1.18.10-gke.2701",
              "1.18.10-gke.2101",
              "1.18.10-gke.1500",
              "1.18.10-gke.601",
              "1.18.9-gke.2501",
              "1.18.9-gke.1501",
              "1.18.9-gke.801",
              "1.18.6-gke.4801",
              "1.18.6-gke.3504",
              "1.18.6-gke.3503",
              "1.17.17-gke.6000",
              "1.17.17-gke.5400",
              "1.17.17-gke.4900",
              "1.17.17-gke.4400",
              "1.17.17-gke.3700",
              "1.17.17-gke.3000",
              "1.17.17-gke.2800",
              "1.17.17-gke.2500",
              "1.17.17-gke.1500",
              "1.17.17-gke.1101",
              "1.17.17-gke.1100",
              "1.17.17-gke.600",
              "1.17.16-gke.1600",
              "1.17.16-gke.1300",
              "1.17.15-gke.800",
              "1.17.15-gke.300",
              "1.17.14-gke.1600",
              "1.17.14-gke.1200",
              "1.17.14-gke.400",
              "1.17.13-gke.2600",
              "1.17.13-gke.2001",
              "1.17.13-gke.1401",
              "1.17.13-gke.1400",
              "1.17.13-gke.600",
              "1.17.12-gke.2502",
              "1.17.12-gke.1504",
              "1.17.12-gke.1501",
              "1.17.12-gke.500",
              "1.17.9-gke.6300",
              "1.17.9-gke.1504",
              "1.16.15-gke.14800",
              "1.16.15-gke.12500",
              "1.16.15-gke.11800",
              "1.16.15-gke.10600",
              "1.16.15-gke.7801",
              "1.16.15-gke.7800",
              "1.16.15-gke.7300",
              "1.16.15-gke.6900",
              "1.16.15-gke.6000",
              "1.16.15-gke.5500",
              "1.16.15-gke.4901",
              "1.16.15-gke.4301",
              "1.16.15-gke.4300",
              "1.16.15-gke.3500",
              "1.16.15-gke.2601",
              "1.16.15-gke.1600",
              "1.16.15-gke.500",
              "1.16.13-gke.404",
              "1.16.13-gke.403",
              "1.16.13-gke.401",
              "1.16.13-gke.400",
              "1.16.13-gke.1",
              "1.16.11-gke.5",
              "1.16.10-gke.8",
              "1.16.9-gke.6",
              "1.16.9-gke.2",
              "1.16.8-gke.15",
              "1.16.8-gke.12",
              "1.16.8-gke.9",
              "1.15.12-gke.6002",
              "1.15.12-gke.6001",
              "1.15.12-gke.5000",
              "1.15.12-gke.4002",
              "1.15.12-gke.4000",
              "1.15.12-gke.20",
              "1.15.12-gke.17",
              "1.15.12-gke.16",
              "1.15.12-gke.13",
              "1.15.12-gke.9",
              "1.15.12-gke.6",
              "1.15.12-gke.3",
              "1.15.12-gke.2",
              "1.15.11-gke.17",
              "1.15.11-gke.15",
              "1.15.11-gke.13",
              "1.15.11-gke.12",
              "1.15.11-gke.11",
              "1.15.11-gke.9",
              "1.15.11-gke.5",
              "1.15.11-gke.3",
              "1.15.11-gke.1",
              "1.15.9-gke.26",
              "1.15.9-gke.24",
              "1.15.9-gke.22",
              "1.15.9-gke.12",
              "1.15.9-gke.9",
              "1.15.9-gke.8",
              "1.15.8-gke.3",
              "1.15.8-gke.2",
              "1.15.7-gke.23",
              "1.15.7-gke.2",
              "1.15.4-gke.22",
              "1.14.10-gke.1504",
              "1.14.10-gke.902",
              "1.14.10-gke.50",
              "1.14.10-gke.46",
              "1.14.10-gke.45",
              "1.14.10-gke.42",
              "1.14.10-gke.41",
              "1.14.10-gke.40",
              "1.14.10-gke.37",
              "1.14.10-gke.36",
              "1.14.10-gke.34",
              "1.14.10-gke.32",
              "1.14.10-gke.31",
              "1.14.10-gke.27",
              "1.14.10-gke.24",
              "1.14.10-gke.22",
              "1.14.10-gke.21",
              "1.14.10-gke.17",
              "1.14.10-gke.0",
              "1.14.9-gke.23",
              "1.14.9-gke.2",
              "1.14.9-gke.0",
              "1.14.8-gke.33",
              "1.14.8-gke.21",
              "1.14.8-gke.18",
              "1.14.8-gke.17",
              "1.14.8-gke.14",
              "1.14.8-gke.12",
              "1.14.8-gke.7",
              "1.14.8-gke.2",
              "1.14.7-gke.40",
              "1.14.7-gke.25",
              "1.14.7-gke.23",
              "1.14.7-gke.17",
              "1.14.7-gke.14",
              "1.14.7-gke.10",
              "1.14.6-gke.13",
              "1.14.6-gke.2",
              "1.14.6-gke.1",
              "1.14.3-gke.11",
              "1.14.3-gke.10",
              "1.14.3-gke.9",
              "1.14.2-gke.9",
              "1.14.1-gke.5",
              "1.13.12-gke.30",
              "1.13.12-gke.25",
              "1.13.12-gke.17",
              "1.13.12-gke.16",
              "1.13.12-gke.14",
              "1.13.12-gke.13",
              "1.13.12-gke.10",
              "1.13.12-gke.8",
              "1.13.12-gke.4",
              "1.13.12-gke.2",
              "1.13.11-gke.23",
              "1.13.11-gke.15",
              "1.13.11-gke.14",
              "1.13.11-gke.12",
              "1.13.11-gke.11",
              "1.13.11-gke.9",
              "1.13.11-gke.5",
              "1.13.10-gke.7",
              "1.13.10-gke.0",
              "1.13.9-gke.11",
              "1.13.9-gke.3",
              "1.13.7-gke.24",
              "1.13.7-gke.19",
              "1.13.7-gke.15",
              "1.13.7-gke.8",
              "1.13.7-gke.0",
              "1.13.6-gke.13",
              "1.13.6-gke.6",
              "1.13.6-gke.5",
              "1.13.6-gke.0",
              "1.13.5-gke.10",
              "1.12.10-gke.22",
              "1.12.10-gke.20",
              "1.12.10-gke.19",
              "1.12.10-gke.18",
              "1.12.10-gke.17",
              "1.12.10-gke.15",
              "1.12.10-gke.13",
              "1.12.10-gke.11",
              "1.12.10-gke.5",
              "1.12.9-gke.16",
              "1.12.9-gke.15",
              "1.12.9-gke.13",
              "1.12.9-gke.10",
              "1.12.9-gke.7",
              "1.12.9-gke.3",
              "1.12.8-gke.12",
              "1.12.8-gke.10",
              "1.12.8-gke.7",
              "1.12.8-gke.6",
              "1.12.7-gke.26",
              "1.12.7-gke.25",
              "1.12.7-gke.24",
              "1.12.7-gke.22",
              "1.12.7-gke.21",
              "1.12.7-gke.17",
              "1.12.7-gke.10",
              "1.12.7-gke.7",
              "1.12.6-gke.11",
              "1.12.6-gke.10",
              "1.12.6-gke.7",
              "1.12.5-gke.10",
              "1.12.5-gke.5",
              "1.11.10-gke.6",
              "1.11.10-gke.5"
            ],
            "version_prefix": null
          },
          "sensitive_attributes": []
        }
      ]
    },
    {
      "module": "module.gke_cluster",
      "mode": "managed",
      "type": "google_container_cluster",
      "name": "primary",
      "provider": "provider[\"registry.terraform.io/hashicorp/google\"]",
      "instances": [
        {
          "schema_version": 1,
          "attributes": {
            "addons_config": [
              {
                "cloudrun_config": [],
                "horizontal_pod_autoscaling": [
                  {
                    "disabled": false
                  }
                ],
                "http_load_balancing": [
                  {
                    "disabled": false
                  }
                ],
                "network_policy_config": [
                  {
                    "disabled": true
                  }
                ]
              }
            ],
            "authenticator_groups_config": [],
            "cluster_autoscaling": [
              {
                "auto_provisioning_defaults": [
                  {
                    "oauth_scopes": [
                      "https://www.googleapis.com/auth/logging.write",
                      "https://www.googleapis.com/auth/monitoring"
                    ],
                    "service_account": "default"
                  }
                ],
                "enabled": true,
                "resource_limits": [
                  {
                    "maximum": 50,
                    "minimum": 8,
                    "resource_type": "cpu"
                  },
                  {
                    "maximum": 40,
                    "minimum": 12,
                    "resource_type": "memory"
                  }
                ]
              }
            ],
            "cluster_ipv4_cidr": "192.168.0.0/18",
            "database_encryption": [
              {
                "key_name": "",
                "state": "DECRYPTED"
              }
            ],
            "datapath_provider": "",
            "default_max_pods_per_node": 110,
            "default_snat_status": [
              {
                "disabled": false
              }
            ],
            "description": "",
            "enable_autopilot": false,
            "enable_binary_authorization": false,
            "enable_intranode_visibility": false,
            "enable_kubernetes_alpha": false,
            "enable_legacy_abac": false,
            "enable_shielded_nodes": true,
            "enable_tpu": false,
            "endpoint": "35.223.186.77",
            "id": "projects/dynamic-concept-305518/locations/us-central1/clusters/node-3tier-app-prod",
            "initial_node_count": 0,
            "instance_group_urls": [],
            "ip_allocation_policy": [
              {
                "cluster_ipv4_cidr_block": "192.168.0.0/18",
                "cluster_secondary_range_name": "ip-range-pods",
                "services_ipv4_cidr_block": "192.168.64.0/18",
                "services_secondary_range_name": "ip-range-svc"
              }
            ],
            "label_fingerprint": "a9dc16a7",
            "location": "us-central1",
            "logging_service": "logging.googleapis.com/kubernetes",
            "maintenance_policy": [
              {
                "daily_maintenance_window": [
                  {
                    "duration": "PT4H0M0S",
                    "start_time": "05:00"
                  }
                ],
                "maintenance_exclusion": [],
                "recurring_window": []
              }
            ],
            "master_auth": [
              {
                "client_certificate": "",
                "client_certificate_config": [
                  {
                    "issue_client_certificate": false
                  }
                ],
                "client_key": "",
                "cluster_ca_certificate": "LS0tLS1CRUdJTiBDRVJUSUZJQ0FURS0tLS0tCk1JSURLakNDQWhLZ0F3SUJBZ0lRTkZNbGUwaFpqUkIwd2pEbm92UWdXREFOQmdrcWhraUc5dzBCQVFzRkFEQXYKTVMwd0t3WURWUVFERXlSbU9XSmhNV05rTlMxak9Ua3dMVFF5WkRBdFlXWmpOaTA1T0RWaFpqY3hZak5oT1dJdwpIaGNOTWpFd05UQXpNRE0xT0RRMldoY05Nall3TlRBeU1EUTFPRFEyV2pBdk1TMHdLd1lEVlFRREV5Um1PV0poCk1XTmtOUzFqT1Rrd0xUUXlaREF0WVdaak5pMDVPRFZoWmpjeFlqTmhPV0l3Z2dFaU1BMEdDU3FHU0liM0RRRUIKQVFVQUE0SUJEd0F3Z2dFS0FvSUJBUUNqZllKUk5oUjZJaHFRQ01PS1F5M2l4TXNNdkp5YjEwMWcwRTlIaS8vZQpoamsveGNyYTF2ZVhiWVlrMDdIbUUrbGFQb0JnWEZrb3pNRWxQYkc4RW83K1lyZis3RlRiN2RvMHJQZXNMNUVhCit3NTk1dklOcE5rb3NhczZBNW9XclBNUld3Ni9DekRySGZOQVBZcUhTZlU3TnphVDFRcnN4dXRyOHIyeStGalkKZmdxajNxWHdGK0RWUEZxaDhtamE4cmt0VktaL3lBbEY2d0NiSGJOL3ZZYUIyMFNKS1J4SXR4NlcydW9wNHdDUApZWUJBVDcvUWVWaHdiMHJYV3dVekdWRnMyRnlzSGZjL0ZMd2ZnVVBkWGE4Z1RrWkFZVWZuMVRUdkl1bTduUktBCmFEK2lvbExLYjNFWm15ZjZrNys2czN4bDJSWFVaZ2JxSWVpdnBPdmpkT0VmQWdNQkFBR2pRakJBTUE0R0ExVWQKRHdFQi93UUVBd0lDQkRBUEJnTlZIUk1CQWY4RUJUQURBUUgvTUIwR0ExVWREZ1FXQkJSdzNDYlk0bzBPU3kxZQpuUHhMLzBpeUtNNEp0akFOQmdrcWhraUc5dzBCQVFzRkFBT0NBUUVBaksyMWZzUnord3YvZ2tySXBhdUlZNVcrCmhCNW9XVE43QkpObGpXeFFtbHhZeVNOWHZWUGM3bmFxZ3ZwUXZjVXprZ3NHRDFhUGl6YjN5bmJtWDIwR1RjZHkKUHNHdkczMGVYMk9lUittK0M4TTEwbjk0WkNsMm1Yd25MZkY3ZDlMTmlCSTV6NHFvZVVBRmhiZTBBQkNrZmRxegpVN3FHSm1EZkZCRktBTGNRaURTU1ExK3pQeG04elRxYk9acTZRdVBwQm5tRVp0dWZLbGczMmdTWG5hMzVPRVpzCjVZR3JreFpMbENDK1Q2ODF4WkhwRUxQTjVJVFY5Q3I4YjNvMGdDMy9rK0QzZXBoeEk4SWhKZTcySXhKZC9TNGMKeGp0ZzR5QWR1U1B1cHU4OW5sTEVic215N2JrdDAyZEozcTV4dWZVejlZZk04eHhtdjhFNzVKUDV3Y2pFeVE9PQotLS0tLUVORCBDRVJUSUZJQ0FURS0tLS0tCg==",
                "password": "",
                "username": ""
              }
            ],
            "master_authorized_networks_config": [
              {
                "cidr_blocks": [
                  {
                    "cidr_block": "10.0.0.0/8",
                    "display_name": "class_a"
                  },
                  {
                    "cidr_block": "172.16.0.0/12",
                    "display_name": "class_b"
                  },
                  {
                    "cidr_block": "192.168.0.0/16",
                    "display_name": "class_c"
                  }
                ]
              }
            ],
            "master_version": "1.19.9-gke.1400",
            "min_master_version": "1.19.9-gke.1400",
            "monitoring_service": "monitoring.googleapis.com/kubernetes",
            "name": "node-3tier-app-prod",
            "network": "projects/dynamic-concept-305518/global/networks/gke-network",
            "network_policy": [
              {
                "enabled": false,
                "provider": "PROVIDER_UNSPECIFIED"
              }
            ],
            "networking_mode": "VPC_NATIVE",
            "node_config": [],
            "node_locations": [
              "us-central1-a",
              "us-central1-b"
            ],
            "node_pool": [],
            "node_version": "1.19.9-gke.1400",
            "operation": null,
            "pod_security_policy_config": [],
            "private_cluster_config": [],
            "private_ipv6_google_access": "",
            "project": "dynamic-concept-305518",
            "release_channel": [
              {
                "channel": "UNSPECIFIED"
              }
            ],
            "remove_default_node_pool": true,
            "resource_labels": null,
            "resource_usage_export_config": [],
            "self_link": "https://container.googleapis.com/v1beta1/projects/dynamic-concept-305518/locations/us-central1/clusters/node-3tier-app-prod",
            "services_ipv4_cidr": "192.168.64.0/18",
            "subnetwork": "projects/dynamic-concept-305518/regions/us-central1/subnetworks/gke-subnet",
            "timeouts": {
              "create": "45m",
              "delete": "45m",
              "read": null,
              "update": "45m"
            },
            "tpu_ipv4_cidr_block": "",
            "vertical_pod_autoscaling": [
              {
                "enabled": false
              }
            ],
            "workload_identity_config": [
              {
                "identity_namespace": "dynamic-concept-305518.svc.id.goog"
              }
            ]
          },
          "sensitive_attributes": [],
          "private": "eyJlMmJmYjczMC1lY2FhLTExZTYtOGY4OC0zNDM2M2JjN2M0YzAiOnsiY3JlYXRlIjoyNzAwMDAwMDAwMDAwLCJkZWxldGUiOjI3MDAwMDAwMDAwMDAsInJlYWQiOjI0MDAwMDAwMDAwMDAsInVwZGF0ZSI6MjcwMDAwMDAwMDAwMH0sInNjaGVtYV92ZXJzaW9uIjoiMSJ9",
          "dependencies": [
            "module.gcp-network.module.subnets.google_compute_subnetwork.subnetwork",
            "module.gcp-network.module.vpc.google_compute_network.network",
            "module.gke_cluster.data.google_compute_zones.available",
            "module.gke_cluster.data.google_container_engine_versions.region",
            "module.gke_cluster.data.google_container_engine_versions.zone",
            "module.gke_cluster.google_service_account.cluster_service_account",
            "module.gke_cluster.random_shuffle.available_zones",
            "module.gke_cluster.random_string.cluster_service_account_suffix"
          ]
        }
      ]
    },
    {
      "module": "module.gke_cluster",
      "mode": "managed",
      "type": "google_container_node_pool",
      "name": "pools",
      "provider": "provider[\"registry.terraform.io/hashicorp/google\"]",
      "instances": [
        {
          "index_key": "primary-node-pool",
          "schema_version": 1,
          "attributes": {
            "autoscaling": [
              {
                "max_node_count": 20,
                "min_node_count": 1
              }
            ],
            "cluster": "node-3tier-app-prod",
            "id": "projects/dynamic-concept-305518/locations/us-central1/clusters/node-3tier-app-prod/nodePools/primary-node-pool",
            "initial_node_count": 1,
            "instance_group_urls": [
              "https://www.googleapis.com/compute/v1/projects/dynamic-concept-305518/zones/us-central1-a/instanceGroupManagers/gke-node-3tier-app-p-primary-node-poo-09387d57-grp",
              "https://www.googleapis.com/compute/v1/projects/dynamic-concept-305518/zones/us-central1-b/instanceGroupManagers/gke-node-3tier-app-p-primary-node-poo-0ca0aad0-grp"
            ],
            "location": "us-central1",
            "management": [
              {
                "auto_repair": true,
                "auto_upgrade": false
              }
            ],
            "max_pods_per_node": 110,
            "name": "primary-node-pool",
            "name_prefix": "",
            "node_config": [
              {
                "disk_size_gb": 100,
                "disk_type": "pd-standard",
                "guest_accelerator": [],
                "image_type": "COS",
                "labels": {
                  "cluster_name": "node-3tier-app-prod",
                  "node_pool": "primary-node-pool"
                },
                "local_ssd_count": 0,
                "machine_type": "e2-standard-4",
                "metadata": {
                  "cluster_name": "node-3tier-app-prod",
                  "disable-legacy-endpoints": "true",
                  "node_pool": "primary-node-pool"
                },
                "min_cpu_platform": "",
                "oauth_scopes": [
                  "https://www.googleapis.com/auth/cloud-platform"
                ],
                "preemptible": false,
                "service_account": "tf-gke-node-3tier-app--pv8i@dynamic-concept-305518.iam.gserviceaccount.com",
                "shielded_instance_config": [
                  {
                    "enable_integrity_monitoring": true,
                    "enable_secure_boot": false
                  }
                ],
                "tags": [
                  "gke-node-3tier-app-prod",
                  "gke-node-3tier-app-prod-primary-node-pool"
                ],
                "taint": [],
                "workload_metadata_config": [
                  {
                    "node_metadata": "GKE_METADATA_SERVER"
                  }
                ]
              }
            ],
            "node_count": 1,
            "node_locations": [
              "us-central1-a",
              "us-central1-b"
            ],
            "operation": null,
            "project": "dynamic-concept-305518",
            "timeouts": {
              "create": "45m",
              "delete": "45m",
              "update": "45m"
            },
            "upgrade_settings": [
              {
                "max_surge": 1,
                "max_unavailable": 0
              }
            ],
            "version": "1.19.9-gke.1400"
          },
          "sensitive_attributes": [],
          "private": "eyJlMmJmYjczMC1lY2FhLTExZTYtOGY4OC0zNDM2M2JjN2M0YzAiOnsiY3JlYXRlIjoyNzAwMDAwMDAwMDAwLCJkZWxldGUiOjI3MDAwMDAwMDAwMDAsInVwZGF0ZSI6MjcwMDAwMDAwMDAwMH0sInNjaGVtYV92ZXJzaW9uIjoiMSJ9",
          "dependencies": [
            "module.gcp-network.module.subnets.google_compute_subnetwork.subnetwork",
            "module.gcp-network.module.vpc.google_compute_network.network",
            "module.gke_cluster.data.google_compute_zones.available",
            "module.gke_cluster.data.google_container_engine_versions.region",
            "module.gke_cluster.data.google_container_engine_versions.zone",
            "module.gke_cluster.google_container_cluster.primary",
            "module.gke_cluster.google_service_account.cluster_service_account",
            "module.gke_cluster.random_shuffle.available_zones",
            "module.gke_cluster.random_string.cluster_service_account_suffix"
          ]
        }
      ]
    },
    {
      "module": "module.gke_cluster",
      "mode": "managed",
      "type": "google_project_iam_member",
      "name": "cluster_service_account-log_writer",
      "provider": "provider[\"registry.terraform.io/hashicorp/google\"]",
      "instances": [
        {
          "index_key": 0,
          "schema_version": 0,
          "attributes": {
            "condition": [],
            "etag": "BwXBZdFeB3M=",
            "id": "dynamic-concept-305518/roles/logging.logWriter/serviceAccount:tf-gke-node-3tier-app--pv8i@dynamic-concept-305518.iam.gserviceaccount.com",
            "member": "serviceAccount:tf-gke-node-3tier-app--pv8i@dynamic-concept-305518.iam.gserviceaccount.com",
            "project": "dynamic-concept-305518",
            "role": "roles/logging.logWriter"
          },
          "sensitive_attributes": [],
          "private": "bnVsbA==",
          "dependencies": [
            "module.gcp-network.module.subnets.google_compute_subnetwork.subnetwork",
            "module.gcp-network.module.vpc.google_compute_network.network",
            "module.gke_cluster.google_service_account.cluster_service_account",
            "module.gke_cluster.random_string.cluster_service_account_suffix"
          ]
        }
      ]
    },
    {
      "module": "module.gke_cluster",
      "mode": "managed",
      "type": "google_project_iam_member",
      "name": "cluster_service_account-metric_writer",
      "provider": "provider[\"registry.terraform.io/hashicorp/google\"]",
      "instances": [
        {
          "index_key": 0,
          "schema_version": 0,
          "attributes": {
            "condition": [],
            "etag": "BwXBZdJBdJY=",
            "id": "dynamic-concept-305518/roles/monitoring.metricWriter/serviceAccount:tf-gke-node-3tier-app--pv8i@dynamic-concept-305518.iam.gserviceaccount.com",
            "member": "serviceAccount:tf-gke-node-3tier-app--pv8i@dynamic-concept-305518.iam.gserviceaccount.com",
            "project": "dynamic-concept-305518",
            "role": "roles/monitoring.metricWriter"
          },
          "sensitive_attributes": [],
          "private": "bnVsbA==",
          "dependencies": [
            "module.gcp-network.module.subnets.google_compute_subnetwork.subnetwork",
            "module.gcp-network.module.vpc.google_compute_network.network",
            "module.gke_cluster.google_project_iam_member.cluster_service_account-log_writer",
            "module.gke_cluster.google_service_account.cluster_service_account",
            "module.gke_cluster.random_string.cluster_service_account_suffix"
          ]
        }
      ]
    },
    {
      "module": "module.gke_cluster",
      "mode": "managed",
      "type": "google_project_iam_member",
      "name": "cluster_service_account-monitoring_viewer",
      "provider": "provider[\"registry.terraform.io/hashicorp/google\"]",
      "instances": [
        {
          "index_key": 0,
          "schema_version": 0,
          "attributes": {
            "condition": [],
            "etag": "BwXBZdM4uZY=",
            "id": "dynamic-concept-305518/roles/monitoring.viewer/serviceAccount:tf-gke-node-3tier-app--pv8i@dynamic-concept-305518.iam.gserviceaccount.com",
            "member": "serviceAccount:tf-gke-node-3tier-app--pv8i@dynamic-concept-305518.iam.gserviceaccount.com",
            "project": "dynamic-concept-305518",
            "role": "roles/monitoring.viewer"
          },
          "sensitive_attributes": [],
          "private": "bnVsbA==",
          "dependencies": [
            "module.gcp-network.module.subnets.google_compute_subnetwork.subnetwork",
            "module.gcp-network.module.vpc.google_compute_network.network",
            "module.gke_cluster.google_project_iam_member.cluster_service_account-log_writer",
            "module.gke_cluster.google_project_iam_member.cluster_service_account-metric_writer",
            "module.gke_cluster.google_service_account.cluster_service_account",
            "module.gke_cluster.random_string.cluster_service_account_suffix"
          ]
        }
      ]
    },
    {
      "module": "module.gke_cluster",
      "mode": "managed",
      "type": "google_project_iam_member",
      "name": "cluster_service_account-resourceMetadata-writer",
      "provider": "provider[\"registry.terraform.io/hashicorp/google\"]",
      "instances": [
        {
          "index_key": 0,
          "schema_version": 0,
          "attributes": {
            "condition": [],
            "etag": "BwXBZdQv5pk=",
            "id": "dynamic-concept-305518/roles/stackdriver.resourceMetadata.writer/serviceAccount:tf-gke-node-3tier-app--pv8i@dynamic-concept-305518.iam.gserviceaccount.com",
            "member": "serviceAccount:tf-gke-node-3tier-app--pv8i@dynamic-concept-305518.iam.gserviceaccount.com",
            "project": "dynamic-concept-305518",
            "role": "roles/stackdriver.resourceMetadata.writer"
          },
          "sensitive_attributes": [],
          "private": "bnVsbA==",
          "dependencies": [
            "module.gcp-network.module.subnets.google_compute_subnetwork.subnetwork",
            "module.gcp-network.module.vpc.google_compute_network.network",
            "module.gke_cluster.google_project_iam_member.cluster_service_account-log_writer",
            "module.gke_cluster.google_project_iam_member.cluster_service_account-metric_writer",
            "module.gke_cluster.google_project_iam_member.cluster_service_account-monitoring_viewer",
            "module.gke_cluster.google_service_account.cluster_service_account",
            "module.gke_cluster.random_string.cluster_service_account_suffix"
          ]
        }
      ]
    },
    {
      "module": "module.gke_cluster",
      "mode": "managed",
      "type": "google_service_account",
      "name": "cluster_service_account",
      "provider": "provider[\"registry.terraform.io/hashicorp/google\"]",
      "instances": [
        {
          "index_key": 0,
          "schema_version": 0,
          "attributes": {
            "account_id": "tf-gke-node-3tier-app--pv8i",
            "description": "",
            "display_name": "Terraform-managed service account for cluster node-3tier-app-prod",
            "email": "tf-gke-node-3tier-app--pv8i@dynamic-concept-305518.iam.gserviceaccount.com",
            "id": "projects/dynamic-concept-305518/serviceAccounts/tf-gke-node-3tier-app--pv8i@dynamic-concept-305518.iam.gserviceaccount.com",
            "name": "projects/dynamic-concept-305518/serviceAccounts/tf-gke-node-3tier-app--pv8i@dynamic-concept-305518.iam.gserviceaccount.com",
            "project": "dynamic-concept-305518",
            "timeouts": null,
            "unique_id": "101353515052925919413"
          },
          "sensitive_attributes": [],
          "private": "eyJlMmJmYjczMC1lY2FhLTExZTYtOGY4OC0zNDM2M2JjN2M0YzAiOnsiY3JlYXRlIjozMDAwMDAwMDAwMDB9fQ==",
          "dependencies": [
            "module.gcp-network.module.subnets.google_compute_subnetwork.subnetwork",
            "module.gcp-network.module.vpc.google_compute_network.network",
            "module.gke_cluster.random_string.cluster_service_account_suffix"
          ]
        }
      ]
    },
    {
      "module": "module.gke_cluster",
      "mode": "managed",
      "type": "random_shuffle",
      "name": "available_zones",
      "provider": "provider[\"registry.terraform.io/hashicorp/random\"]",
      "instances": [
        {
          "schema_version": 0,
          "attributes": {
            "id": "-",
            "input": [
              "us-central1-a",
              "us-central1-b",
              "us-central1-c",
              "us-central1-f"
            ],
            "keepers": null,
            "result": [
              "us-central1-a",
              "us-central1-b",
              "us-central1-f"
            ],
            "result_count": 3,
            "seed": null
          },
          "sensitive_attributes": [],
          "private": "bnVsbA==",
          "dependencies": [
            "module.gcp-network.module.subnets.google_compute_subnetwork.subnetwork",
            "module.gcp-network.module.vpc.google_compute_network.network",
            "module.gke_cluster.data.google_compute_zones.available"
          ]
        }
      ]
    },
    {
      "module": "module.gke_cluster",
      "mode": "managed",
      "type": "random_string",
      "name": "cluster_service_account_suffix",
      "provider": "provider[\"registry.terraform.io/hashicorp/random\"]",
      "instances": [
        {
          "schema_version": 1,
          "attributes": {
            "id": "pv8i",
            "keepers": null,
            "length": 4,
            "lower": true,
            "min_lower": 0,
            "min_numeric": 0,
            "min_special": 0,
            "min_upper": 0,
            "number": true,
            "override_special": null,
            "result": "pv8i",
            "special": false,
            "upper": false
          },
          "sensitive_attributes": [],
          "private": "eyJzY2hlbWFfdmVyc2lvbiI6IjEifQ==",
          "dependencies": [
            "module.gcp-network.module.subnets.google_compute_subnetwork.subnetwork",
            "module.gcp-network.module.vpc.google_compute_network.network"
          ]
        }
      ]
    },
    {
      "module": "module.gke_cluster.module.gcloud_delete_default_kube_dns_configmap.module.gcloud_kubectl",
      "mode": "managed",
      "type": "null_resource",
      "name": "module_depends_on",
      "provider": "provider[\"registry.terraform.io/hashicorp/null\"]",
      "instances": [
        {
          "index_key": 0,
          "schema_version": 0,
          "attributes": {
            "id": "4096330365137317897",
            "triggers": {
              "value": "3"
            }
          },
          "sensitive_attributes": [],
          "private": "bnVsbA==",
          "dependencies": [
            "module.gcp-network.module.subnets.google_compute_subnetwork.subnetwork",
            "module.gcp-network.module.vpc.google_compute_network.network",
            "module.gke_cluster.data.google_client_config.default",
            "module.gke_cluster.data.google_compute_zones.available",
            "module.gke_cluster.data.google_container_engine_versions.region",
            "module.gke_cluster.data.google_container_engine_versions.zone",
            "module.gke_cluster.google_container_cluster.primary",
            "module.gke_cluster.google_container_node_pool.pools",
            "module.gke_cluster.google_service_account.cluster_service_account",
            "module.gke_cluster.random_shuffle.available_zones",
            "module.gke_cluster.random_string.cluster_service_account_suffix"
          ]
        }
      ]
    }
  ]
}
